
Microsoft Visual Studio Solution File, Format Version 12.00
# Visual Studio 2013
VisualStudioVersion = 12.0.30110.0
MinimumVisualStudioVersion = 10.0.40219.1
Project("{8BC9CEB8-8B4A-11D0-8D11-00A0C91BC942}") = "Practica 8", "Practica 8\Practica 8.vcxproj", "{C626D7AA-166B-4938-8967-254E67CC0348}"
EndProject
Global
	GlobalSection(SolutionConfigurationPlatforms) = preSolution
		Debug|Win32 = Debug|Win32
		Release|Win32 = Release|Win32
	EndGlobalSection
	GlobalSection(ProjectConfigurationPlatforms) = postSolution
		{C626D7AA-166B-4938-8967-254E67CC0348}.Debug|Win32.ActiveCfg = Debug|Win32
		{C626D7AA-166B-4938-8967-254E67CC0348}.Debug|Win32.Build.0 = Debug|Win32
		{C626D7AA-166B-4938-8967-254E67CC0348}.Release|Win32.ActiveCfg = Release|Win32
		{C626D7AA-166B-4938-8967-254E67CC0348}.Release|Win32.Build.0 = Release|Win32
	EndGlobalSection
	GlobalSection(SolutionProperties) = preSolution
		HideSolutionNode = FALSE
	EndGlobalSection
EndGlobal
